
Microsoft Visual Studio Solution File, Format Version 10.00
# Visual Studio 2008
Project("{FAE04EC0-301F-11D3-BF4B-00C04F79EFBC}") = "Ruff'n'Tumble", "Games\Ruff'n'Tumble\Ruff'n'Tumble.csproj", "{3F1ACC3B-1FFC-43A7-9463-193615B4F3BE}"
EndProject
Project("{FAE04EC0-301F-11D3-BF4B-00C04F79EFBC}") = "ArcEngine", "Framework\ArcEngine.csproj", "{9931BDE3-41D2-4065-9595-37020DD45E8D}"
EndProject
Project("{FAE04EC0-301F-11D3-BF4B-00C04F79EFBC}") = "DungeonEye", "Games\DungeonEye\DungeonEye.csproj", "{AF615530-818F-475B-B79D-5ED4A2D01D79}"
EndProject
Project("{FAE04EC0-301F-11D3-BF4B-00C04F79EFBC}") = "Breakout", "Games\Breakout\Breakout.csproj", "{CCA8CE5B-8EDA-46D1-B4BD-CBE12FC3E595}"
EndProject
Project("{FAE04EC0-301F-11D3-BF4B-00C04F79EFBC}") = "Particles", "Examples\Particles\Particles.csproj", "{C309822A-BAEE-4052-9F62-02BC34B697D7}"
EndProject
Project("{FAE04EC0-301F-11D3-BF4B-00C04F79EFBC}") = "Game States", "Examples\GameStateExample\Game States.csproj", "{1D070180-2636-464E-8BED-DB26488658BD}"
EndProject
Project("{FAE04EC0-301F-11D3-BF4B-00C04F79EFBC}") = "Render To Texture", "Examples\RenderToTexture\Render To Texture.csproj", "{BFAA0E67-D319-4F49-A495-13C4FD130177}"
EndProject
Project("{FAE04EC0-301F-11D3-BF4B-00C04F79EFBC}") = "Starter Kit", "Examples\StarterKit\Starter Kit.csproj", "{D76ECEAA-859C-4B58-8134-5E4870E0E2CB}"
EndProject
Project("{FAE04EC0-301F-11D3-BF4B-00C04F79EFBC}") = "Time Line Control", "Controls\Time Line Control\Time Line Control.csproj", "{836F03CA-2542-48F2-9249-A1529BC7B0EF}"
EndProject
Project("{FAE04EC0-301F-11D3-BF4B-00C04F79EFBC}") = "Project T", "Games\Project T\Project T.csproj", "{679B44A5-E89C-4A1C-AC8E-6686F536936F}"
EndProject
Project("{FAE04EC0-301F-11D3-BF4B-00C04F79EFBC}") = "Simple Physic", "Examples\SimplePhysic\Simple Physic.csproj", "{D7A7B285-ABB3-486A-BD7B-637F462D5ABD}"
EndProject
Project("{FAE04EC0-301F-11D3-BF4B-00C04F79EFBC}") = "Empty", "Examples\Empty\Empty.csproj", "{9DC56A80-A1D7-4A83-BE99-C098E0C0DAD8}"
EndProject
Project("{2150E333-8FDC-42A3-9474-1A3956D46DE8}") = "Examples", "Examples", "{D0B8D0B6-C7C7-4968-B451-E454CABB3DB7}"
EndProject
Project("{2150E333-8FDC-42A3-9474-1A3956D46DE8}") = "Games", "Games", "{781C636C-ADCF-4C2F-8969-E3E8CF385323}"
EndProject
Project("{2150E333-8FDC-42A3-9474-1A3956D46DE8}") = "Controls", "Controls", "{588D2618-C188-4813-8590-938D4D6D8E18}"
EndProject
Project("{FAE04EC0-301F-11D3-BF4B-00C04F79EFBC}") = "Stencil Wipe", "Examples\Stencil Wipe\Stencil Wipe.csproj", "{96B9FCDD-83A9-4B07-B3C0-67F1C98F1C18}"
EndProject
Project("{FAE04EC0-301F-11D3-BF4B-00C04F79EFBC}") = "Shader Demo", "Examples\Shader Demo\Shader Demo.csproj", "{BBB7DD68-BDB8-48EA-8C58-32A376E44E03}"
EndProject
Project("{FAE04EC0-301F-11D3-BF4B-00C04F79EFBC}") = "GamePad", "Examples\GamePad\GamePad.csproj", "{3928A3C2-C01F-4F32-855D-B47A677245F4}"
EndProject
Project("{FAE04EC0-301F-11D3-BF4B-00C04F79EFBC}") = "Shape Demo", "Examples\ShapeDemo\Shape Demo.csproj", "{5974C040-5987-4F1E-AB9A-60E43D124002}"
EndProject
Project("{FAE04EC0-301F-11D3-BF4B-00C04F79EFBC}") = "Text Demo", "Examples\Text Demo\Text Demo.csproj", "{7481BB86-AE2B-44F1-91B8-6E9E2EF6F383}"
EndProject
Project("{FAE04EC0-301F-11D3-BF4B-00C04F79EFBC}") = "Component", "Examples\Component\Component.csproj", "{63817B39-147D-4CBF-80E8-958B74CEEA69}"
EndProject
Project("{FAE04EC0-301F-11D3-BF4B-00C04F79EFBC}") = "PathFinding", "Examples\PathFinding\PathFinding.csproj", "{2A35AB52-7986-4F67-9426-E995831F6125}"
EndProject
Global
	GlobalSection(SubversionScc) = preSolution
		Svn-Managed = True
		Manager = AnkhSVN - Subversion Support for Visual Studio
	EndGlobalSection
	GlobalSection(SolutionConfigurationPlatforms) = preSolution
		Debug|Any CPU = Debug|Any CPU
		Debug|x64 = Debug|x64
		Debug|x86 = Debug|x86
		Release|Any CPU = Release|Any CPU
		Release|x64 = Release|x64
		Release|x86 = Release|x86
	EndGlobalSection
	GlobalSection(ProjectConfigurationPlatforms) = postSolution
		{3F1ACC3B-1FFC-43A7-9463-193615B4F3BE}.Debug|Any CPU.ActiveCfg = Debug|Any CPU
		{3F1ACC3B-1FFC-43A7-9463-193615B4F3BE}.Debug|x64.ActiveCfg = Debug|x64
		{3F1ACC3B-1FFC-43A7-9463-193615B4F3BE}.Debug|x64.Build.0 = Debug|x64
		{3F1ACC3B-1FFC-43A7-9463-193615B4F3BE}.Debug|x86.ActiveCfg = Debug|x86
		{3F1ACC3B-1FFC-43A7-9463-193615B4F3BE}.Release|Any CPU.ActiveCfg = Release|Any CPU
		{3F1ACC3B-1FFC-43A7-9463-193615B4F3BE}.Release|Any CPU.Build.0 = Release|Any CPU
		{3F1ACC3B-1FFC-43A7-9463-193615B4F3BE}.Release|x64.ActiveCfg = Release|x64
		{3F1ACC3B-1FFC-43A7-9463-193615B4F3BE}.Release|x64.Build.0 = Release|x64
		{3F1ACC3B-1FFC-43A7-9463-193615B4F3BE}.Release|x86.ActiveCfg = Release|x86
		{9931BDE3-41D2-4065-9595-37020DD45E8D}.Debug|Any CPU.ActiveCfg = Debug|Any CPU
		{9931BDE3-41D2-4065-9595-37020DD45E8D}.Debug|Any CPU.Build.0 = Debug|Any CPU
		{9931BDE3-41D2-4065-9595-37020DD45E8D}.Debug|x64.ActiveCfg = Debug|x64
		{9931BDE3-41D2-4065-9595-37020DD45E8D}.Debug|x64.Build.0 = Debug|x64
		{9931BDE3-41D2-4065-9595-37020DD45E8D}.Debug|x86.ActiveCfg = Debug|x86
		{9931BDE3-41D2-4065-9595-37020DD45E8D}.Debug|x86.Build.0 = Debug|x86
		{9931BDE3-41D2-4065-9595-37020DD45E8D}.Release|Any CPU.ActiveCfg = Release|Any CPU
		{9931BDE3-41D2-4065-9595-37020DD45E8D}.Release|Any CPU.Build.0 = Release|Any CPU
		{9931BDE3-41D2-4065-9595-37020DD45E8D}.Release|x64.ActiveCfg = Release|x64
		{9931BDE3-41D2-4065-9595-37020DD45E8D}.Release|x64.Build.0 = Release|x64
		{9931BDE3-41D2-4065-9595-37020DD45E8D}.Release|x86.ActiveCfg = Release|x86
		{9931BDE3-41D2-4065-9595-37020DD45E8D}.Release|x86.Build.0 = Release|x86
		{AF615530-818F-475B-B79D-5ED4A2D01D79}.Debug|Any CPU.ActiveCfg = Debug|Any CPU
		{AF615530-818F-475B-B79D-5ED4A2D01D79}.Debug|Any CPU.Build.0 = Debug|Any CPU
		{AF615530-818F-475B-B79D-5ED4A2D01D79}.Debug|x64.ActiveCfg = Debug|x64
		{AF615530-818F-475B-B79D-5ED4A2D01D79}.Debug|x64.Build.0 = Debug|x64
		{AF615530-818F-475B-B79D-5ED4A2D01D79}.Debug|x86.ActiveCfg = Debug|x86
		{AF615530-818F-475B-B79D-5ED4A2D01D79}.Debug|x86.Build.0 = Debug|x86
		{AF615530-818F-475B-B79D-5ED4A2D01D79}.Release|Any CPU.ActiveCfg = Release|Any CPU
		{AF615530-818F-475B-B79D-5ED4A2D01D79}.Release|Any CPU.Build.0 = Release|Any CPU
		{AF615530-818F-475B-B79D-5ED4A2D01D79}.Release|x64.ActiveCfg = Release|x64
		{AF615530-818F-475B-B79D-5ED4A2D01D79}.Release|x64.Build.0 = Release|x64
		{AF615530-818F-475B-B79D-5ED4A2D01D79}.Release|x86.ActiveCfg = Release|x86
		{CCA8CE5B-8EDA-46D1-B4BD-CBE12FC3E595}.Debug|Any CPU.ActiveCfg = Debug|Any CPU
		{CCA8CE5B-8EDA-46D1-B4BD-CBE12FC3E595}.Debug|x64.ActiveCfg = Debug|x64
		{CCA8CE5B-8EDA-46D1-B4BD-CBE12FC3E595}.Debug|x86.ActiveCfg = Debug|x86
		{CCA8CE5B-8EDA-46D1-B4BD-CBE12FC3E595}.Release|Any CPU.ActiveCfg = Release|Any CPU
		{CCA8CE5B-8EDA-46D1-B4BD-CBE12FC3E595}.Release|Any CPU.Build.0 = Release|Any CPU
		{CCA8CE5B-8EDA-46D1-B4BD-CBE12FC3E595}.Release|x64.ActiveCfg = Release|x64
		{CCA8CE5B-8EDA-46D1-B4BD-CBE12FC3E595}.Release|x86.ActiveCfg = Release|x86
		{C309822A-BAEE-4052-9F62-02BC34B697D7}.Debug|Any CPU.ActiveCfg = Debug|Any CPU
		{C309822A-BAEE-4052-9F62-02BC34B697D7}.Debug|x64.ActiveCfg = Debug|x64
		{C309822A-BAEE-4052-9F62-02BC34B697D7}.Debug|x86.ActiveCfg = Debug|x86
		{C309822A-BAEE-4052-9F62-02BC34B697D7}.Release|Any CPU.ActiveCfg = Release|Any CPU
		{C309822A-BAEE-4052-9F62-02BC34B697D7}.Release|Any CPU.Build.0 = Release|Any CPU
		{C309822A-BAEE-4052-9F62-02BC34B697D7}.Release|x64.ActiveCfg = Release|x64
		{C309822A-BAEE-4052-9F62-02BC34B697D7}.Release|x86.ActiveCfg = Release|x86
		{1D070180-2636-464E-8BED-DB26488658BD}.Debug|Any CPU.ActiveCfg = Debug|Any CPU
		{1D070180-2636-464E-8BED-DB26488658BD}.Debug|x64.ActiveCfg = Debug|x64
		{1D070180-2636-464E-8BED-DB26488658BD}.Debug|x86.ActiveCfg = Debug|x86
		{1D070180-2636-464E-8BED-DB26488658BD}.Release|Any CPU.ActiveCfg = Release|Any CPU
		{1D070180-2636-464E-8BED-DB26488658BD}.Release|x64.ActiveCfg = Release|x64
		{1D070180-2636-464E-8BED-DB26488658BD}.Release|x86.ActiveCfg = Release|x86
		{BFAA0E67-D319-4F49-A495-13C4FD130177}.Debug|Any CPU.ActiveCfg = Debug|Any CPU
		{BFAA0E67-D319-4F49-A495-13C4FD130177}.Debug|Any CPU.Build.0 = Debug|Any CPU
		{BFAA0E67-D319-4F49-A495-13C4FD130177}.Debug|x64.ActiveCfg = Debug|x64
		{BFAA0E67-D319-4F49-A495-13C4FD130177}.Debug|x86.ActiveCfg = Debug|x86
		{BFAA0E67-D319-4F49-A495-13C4FD130177}.Release|Any CPU.ActiveCfg = Release|Any CPU
		{BFAA0E67-D319-4F49-A495-13C4FD130177}.Release|Any CPU.Build.0 = Release|Any CPU
		{BFAA0E67-D319-4F49-A495-13C4FD130177}.Release|x64.ActiveCfg = Release|x64
		{BFAA0E67-D319-4F49-A495-13C4FD130177}.Release|x86.ActiveCfg = Release|x86
		{D76ECEAA-859C-4B58-8134-5E4870E0E2CB}.Debug|Any CPU.ActiveCfg = Debug|Any CPU
		{D76ECEAA-859C-4B58-8134-5E4870E0E2CB}.Debug|x64.ActiveCfg = Debug|x64
		{D76ECEAA-859C-4B58-8134-5E4870E0E2CB}.Debug|x64.Build.0 = Debug|x64
		{D76ECEAA-859C-4B58-8134-5E4870E0E2CB}.Debug|x86.ActiveCfg = Debug|x86
		{D76ECEAA-859C-4B58-8134-5E4870E0E2CB}.Release|Any CPU.ActiveCfg = Release|Any CPU
		{D76ECEAA-859C-4B58-8134-5E4870E0E2CB}.Release|Any CPU.Build.0 = Release|Any CPU
		{D76ECEAA-859C-4B58-8134-5E4870E0E2CB}.Release|x64.ActiveCfg = Release|x64
		{D76ECEAA-859C-4B58-8134-5E4870E0E2CB}.Release|x64.Build.0 = Release|x64
		{D76ECEAA-859C-4B58-8134-5E4870E0E2CB}.Release|x86.ActiveCfg = Release|x86
		{836F03CA-2542-48F2-9249-A1529BC7B0EF}.Debug|Any CPU.ActiveCfg = Debug|Any CPU
		{836F03CA-2542-48F2-9249-A1529BC7B0EF}.Debug|x64.ActiveCfg = Debug|x64
		{836F03CA-2542-48F2-9249-A1529BC7B0EF}.Debug|x86.ActiveCfg = Debug|x86
		{836F03CA-2542-48F2-9249-A1529BC7B0EF}.Release|Any CPU.ActiveCfg = Release|Any CPU
		{836F03CA-2542-48F2-9249-A1529BC7B0EF}.Release|Any CPU.Build.0 = Release|Any CPU
		{836F03CA-2542-48F2-9249-A1529BC7B0EF}.Release|x64.ActiveCfg = Release|x64
		{836F03CA-2542-48F2-9249-A1529BC7B0EF}.Release|x86.ActiveCfg = Release|x86
		{679B44A5-E89C-4A1C-AC8E-6686F536936F}.Debug|Any CPU.ActiveCfg = Debug|Any CPU
		{679B44A5-E89C-4A1C-AC8E-6686F536936F}.Debug|x64.ActiveCfg = Debug|x64
		{679B44A5-E89C-4A1C-AC8E-6686F536936F}.Debug|x86.ActiveCfg = Debug|x86
		{679B44A5-E89C-4A1C-AC8E-6686F536936F}.Release|Any CPU.ActiveCfg = Release|Any CPU
		{679B44A5-E89C-4A1C-AC8E-6686F536936F}.Release|Any CPU.Build.0 = Release|Any CPU
		{679B44A5-E89C-4A1C-AC8E-6686F536936F}.Release|x64.ActiveCfg = Release|x64
		{679B44A5-E89C-4A1C-AC8E-6686F536936F}.Release|x86.ActiveCfg = Release|x86
		{D7A7B285-ABB3-486A-BD7B-637F462D5ABD}.Debug|Any CPU.ActiveCfg = Debug|Any CPU
		{D7A7B285-ABB3-486A-BD7B-637F462D5ABD}.Debug|x64.ActiveCfg = Debug|x64
		{D7A7B285-ABB3-486A-BD7B-637F462D5ABD}.Debug|x86.ActiveCfg = Debug|x86
		{D7A7B285-ABB3-486A-BD7B-637F462D5ABD}.Release|Any CPU.ActiveCfg = Release|Any CPU
		{D7A7B285-ABB3-486A-BD7B-637F462D5ABD}.Release|Any CPU.Build.0 = Release|Any CPU
		{D7A7B285-ABB3-486A-BD7B-637F462D5ABD}.Release|x64.ActiveCfg = Release|x64
		{D7A7B285-ABB3-486A-BD7B-637F462D5ABD}.Release|x86.ActiveCfg = Release|x86
		{9DC56A80-A1D7-4A83-BE99-C098E0C0DAD8}.Debug|Any CPU.ActiveCfg = Debug|Any CPU
		{9DC56A80-A1D7-4A83-BE99-C098E0C0DAD8}.Debug|x64.ActiveCfg = Debug|x64
		{9DC56A80-A1D7-4A83-BE99-C098E0C0DAD8}.Debug|x86.ActiveCfg = Debug|x86
		{9DC56A80-A1D7-4A83-BE99-C098E0C0DAD8}.Release|Any CPU.ActiveCfg = Release|Any CPU
		{9DC56A80-A1D7-4A83-BE99-C098E0C0DAD8}.Release|Any CPU.Build.0 = Release|Any CPU
		{9DC56A80-A1D7-4A83-BE99-C098E0C0DAD8}.Release|x64.ActiveCfg = Release|x64
		{9DC56A80-A1D7-4A83-BE99-C098E0C0DAD8}.Release|x86.ActiveCfg = Release|x86
		{96B9FCDD-83A9-4B07-B3C0-67F1C98F1C18}.Debug|Any CPU.ActiveCfg = Debug|Any CPU
		{96B9FCDD-83A9-4B07-B3C0-67F1C98F1C18}.Debug|x64.ActiveCfg = Debug|x64
		{96B9FCDD-83A9-4B07-B3C0-67F1C98F1C18}.Debug|x86.ActiveCfg = Debug|x86
		{96B9FCDD-83A9-4B07-B3C0-67F1C98F1C18}.Release|Any CPU.ActiveCfg = Release|Any CPU
		{96B9FCDD-83A9-4B07-B3C0-67F1C98F1C18}.Release|Any CPU.Build.0 = Release|Any CPU
		{96B9FCDD-83A9-4B07-B3C0-67F1C98F1C18}.Release|x64.ActiveCfg = Release|x64
		{96B9FCDD-83A9-4B07-B3C0-67F1C98F1C18}.Release|x86.ActiveCfg = Release|x86
		{BBB7DD68-BDB8-48EA-8C58-32A376E44E03}.Debug|Any CPU.ActiveCfg = Debug|Any CPU
		{BBB7DD68-BDB8-48EA-8C58-32A376E44E03}.Debug|x64.ActiveCfg = Debug|x64
		{BBB7DD68-BDB8-48EA-8C58-32A376E44E03}.Debug|x86.ActiveCfg = Debug|x86
		{BBB7DD68-BDB8-48EA-8C58-32A376E44E03}.Debug|x86.Build.0 = Debug|x86
		{BBB7DD68-BDB8-48EA-8C58-32A376E44E03}.Release|Any CPU.ActiveCfg = Release|Any CPU
		{BBB7DD68-BDB8-48EA-8C58-32A376E44E03}.Release|Any CPU.Build.0 = Release|Any CPU
		{BBB7DD68-BDB8-48EA-8C58-32A376E44E03}.Release|x64.ActiveCfg = Release|x64
		{BBB7DD68-BDB8-48EA-8C58-32A376E44E03}.Release|x86.ActiveCfg = Release|x86
		{BBB7DD68-BDB8-48EA-8C58-32A376E44E03}.Release|x86.Build.0 = Release|x86
		{3928A3C2-C01F-4F32-855D-B47A677245F4}.Debug|Any CPU.ActiveCfg = Debug|Any CPU
		{3928A3C2-C01F-4F32-855D-B47A677245F4}.Debug|x64.ActiveCfg = Debug|Any CPU
		{3928A3C2-C01F-4F32-855D-B47A677245F4}.Debug|x86.ActiveCfg = Debug|Any CPU
		{3928A3C2-C01F-4F32-855D-B47A677245F4}.Release|Any CPU.ActiveCfg = Release|Any CPU
		{3928A3C2-C01F-4F32-855D-B47A677245F4}.Release|Any CPU.Build.0 = Release|Any CPU
		{3928A3C2-C01F-4F32-855D-B47A677245F4}.Release|x64.ActiveCfg = Release|Any CPU
		{3928A3C2-C01F-4F32-855D-B47A677245F4}.Release|x86.ActiveCfg = Release|Any CPU
		{5974C040-5987-4F1E-AB9A-60E43D124002}.Debug|Any CPU.ActiveCfg = Debug|Any CPU
		{5974C040-5987-4F1E-AB9A-60E43D124002}.Debug|Any CPU.Build.0 = Debug|Any CPU
		{5974C040-5987-4F1E-AB9A-60E43D124002}.Debug|x64.ActiveCfg = Debug|x64
		{5974C040-5987-4F1E-AB9A-60E43D124002}.Debug|x64.Build.0 = Debug|x64
		{5974C040-5987-4F1E-AB9A-60E43D124002}.Debug|x86.ActiveCfg = Debug|x86
		{5974C040-5987-4F1E-AB9A-60E43D124002}.Debug|x86.Build.0 = Debug|x86
		{5974C040-5987-4F1E-AB9A-60E43D124002}.Release|Any CPU.ActiveCfg = Release|Any CPU
		{5974C040-5987-4F1E-AB9A-60E43D124002}.Release|Any CPU.Build.0 = Release|Any CPU
		{5974C040-5987-4F1E-AB9A-60E43D124002}.Release|x64.ActiveCfg = Release|x64
		{5974C040-5987-4F1E-AB9A-60E43D124002}.Release|x64.Build.0 = Release|x64
		{5974C040-5987-4F1E-AB9A-60E43D124002}.Release|x86.ActiveCfg = Release|x86
		{5974C040-5987-4F1E-AB9A-60E43D124002}.Release|x86.Build.0 = Release|x86
		{7481BB86-AE2B-44F1-91B8-6E9E2EF6F383}.Debug|Any CPU.ActiveCfg = Debug|Any CPU
		{7481BB86-AE2B-44F1-91B8-6E9E2EF6F383}.Debug|Any CPU.Build.0 = Debug|Any CPU
		{7481BB86-AE2B-44F1-91B8-6E9E2EF6F383}.Debug|x64.ActiveCfg = Debug|Any CPU
		{7481BB86-AE2B-44F1-91B8-6E9E2EF6F383}.Debug|x86.ActiveCfg = Debug|Any CPU
		{7481BB86-AE2B-44F1-91B8-6E9E2EF6F383}.Release|Any CPU.ActiveCfg = Release|Any CPU
		{7481BB86-AE2B-44F1-91B8-6E9E2EF6F383}.Release|Any CPU.Build.0 = Release|Any CPU
		{7481BB86-AE2B-44F1-91B8-6E9E2EF6F383}.Release|x64.ActiveCfg = Release|Any CPU
		{7481BB86-AE2B-44F1-91B8-6E9E2EF6F383}.Release|x86.ActiveCfg = Release|Any CPU
		{63817B39-147D-4CBF-80E8-958B74CEEA69}.Debug|Any CPU.ActiveCfg = Debug|Any CPU
		{63817B39-147D-4CBF-80E8-958B74CEEA69}.Debug|Any CPU.Build.0 = Debug|Any CPU
		{63817B39-147D-4CBF-80E8-958B74CEEA69}.Debug|x64.ActiveCfg = Debug|Any CPU
		{63817B39-147D-4CBF-80E8-958B74CEEA69}.Debug|x86.ActiveCfg = Debug|Any CPU
		{63817B39-147D-4CBF-80E8-958B74CEEA69}.Release|Any CPU.ActiveCfg = Release|Any CPU
		{63817B39-147D-4CBF-80E8-958B74CEEA69}.Release|Any CPU.Build.0 = Release|Any CPU
		{63817B39-147D-4CBF-80E8-958B74CEEA69}.Release|x64.ActiveCfg = Release|Any CPU
		{63817B39-147D-4CBF-80E8-958B74CEEA69}.Release|x86.ActiveCfg = Release|Any CPU
		{2A35AB52-7986-4F67-9426-E995831F6125}.Debug|Any CPU.ActiveCfg = Debug|Any CPU
		{2A35AB52-7986-4F67-9426-E995831F6125}.Debug|Any CPU.Build.0 = Debug|Any CPU
		{2A35AB52-7986-4F67-9426-E995831F6125}.Debug|x64.ActiveCfg = Debug|Any CPU
		{2A35AB52-7986-4F67-9426-E995831F6125}.Debug|x86.ActiveCfg = Debug|Any CPU
		{2A35AB52-7986-4F67-9426-E995831F6125}.Release|Any CPU.ActiveCfg = Release|Any CPU
		{2A35AB52-7986-4F67-9426-E995831F6125}.Release|Any CPU.Build.0 = Release|Any CPU
		{2A35AB52-7986-4F67-9426-E995831F6125}.Release|x64.ActiveCfg = Release|Any CPU
		{2A35AB52-7986-4F67-9426-E995831F6125}.Release|x86.ActiveCfg = Release|Any CPU
	EndGlobalSection
	GlobalSection(SolutionProperties) = preSolution
		HideSolutionNode = FALSE
	EndGlobalSection
	GlobalSection(NestedProjects) = preSolution
		{AF615530-818F-475B-B79D-5ED4A2D01D79} = {781C636C-ADCF-4C2F-8969-E3E8CF385323}
		{CCA8CE5B-8EDA-46D1-B4BD-CBE12FC3E595} = {781C636C-ADCF-4C2F-8969-E3E8CF385323}
		{679B44A5-E89C-4A1C-AC8E-6686F536936F} = {781C636C-ADCF-4C2F-8969-E3E8CF385323}
		{3F1ACC3B-1FFC-43A7-9463-193615B4F3BE} = {781C636C-ADCF-4C2F-8969-E3E8CF385323}
		{1D070180-2636-464E-8BED-DB26488658BD} = {D0B8D0B6-C7C7-4968-B451-E454CABB3DB7}
		{BFAA0E67-D319-4F49-A495-13C4FD130177} = {D0B8D0B6-C7C7-4968-B451-E454CABB3DB7}
		{D76ECEAA-859C-4B58-8134-5E4870E0E2CB} = {D0B8D0B6-C7C7-4968-B451-E454CABB3DB7}
		{D7A7B285-ABB3-486A-BD7B-637F462D5ABD} = {D0B8D0B6-C7C7-4968-B451-E454CABB3DB7}
		{9DC56A80-A1D7-4A83-BE99-C098E0C0DAD8} = {D0B8D0B6-C7C7-4968-B451-E454CABB3DB7}
		{C309822A-BAEE-4052-9F62-02BC34B697D7} = {D0B8D0B6-C7C7-4968-B451-E454CABB3DB7}
		{96B9FCDD-83A9-4B07-B3C0-67F1C98F1C18} = {D0B8D0B6-C7C7-4968-B451-E454CABB3DB7}
		{BBB7DD68-BDB8-48EA-8C58-32A376E44E03} = {D0B8D0B6-C7C7-4968-B451-E454CABB3DB7}
		{3928A3C2-C01F-4F32-855D-B47A677245F4} = {D0B8D0B6-C7C7-4968-B451-E454CABB3DB7}
		{5974C040-5987-4F1E-AB9A-60E43D124002} = {D0B8D0B6-C7C7-4968-B451-E454CABB3DB7}
		{7481BB86-AE2B-44F1-91B8-6E9E2EF6F383} = {D0B8D0B6-C7C7-4968-B451-E454CABB3DB7}
		{63817B39-147D-4CBF-80E8-958B74CEEA69} = {D0B8D0B6-C7C7-4968-B451-E454CABB3DB7}
		{2A35AB52-7986-4F67-9426-E995831F6125} = {D0B8D0B6-C7C7-4968-B451-E454CABB3DB7}
		{836F03CA-2542-48F2-9249-A1529BC7B0EF} = {588D2618-C188-4813-8590-938D4D6D8E18}
	EndGlobalSection
EndGlobal
